
Microsoft Visual Studio Solution File, Format Version 12.00
# Visual Studio Version 17
VisualStudioVersion = 17.12.35527.113
MinimumVisualStudioVersion = 10.0.40219.1
Project("{8BC9CEB8-8B4A-11D0-8D11-00A0C91BC942}") = "GameCoding", "GameCoding\GameCoding.vcxproj", "{9FB6A690-9504-4FC6-BDB4-845983303F5A}"
EndProject
Project("{8BC9CEB8-8B4A-11D0-8D11-00A0C91BC942}") = "RPGGame", "RPGGame\RPGGame.vcxproj", "{D0D1583B-21E3-4F26-8357-BD4B32BB2B18}"
EndProject
Project("{8BC9CEB8-8B4A-11D0-8D11-00A0C91BC942}") = "MazeProject", "MazeProject\MazeProject.vcxproj", "{6B69D126-B96F-4054-9A02-FBAFB0A0B5BA}"
EndProject
Global
	GlobalSection(SolutionConfigurationPlatforms) = preSolution
		Debug|x64 = Debug|x64
		Debug|x86 = Debug|x86
		Release|x64 = Release|x64
		Release|x86 = Release|x86
	EndGlobalSection
	GlobalSection(ProjectConfigurationPlatforms) = postSolution
		{9FB6A690-9504-4FC6-BDB4-845983303F5A}.Debug|x64.ActiveCfg = Debug|x64
		{9FB6A690-9504-4FC6-BDB4-845983303F5A}.Debug|x64.Build.0 = Debug|x64
		{9FB6A690-9504-4FC6-BDB4-845983303F5A}.Debug|x86.ActiveCfg = Debug|Win32
		{9FB6A690-9504-4FC6-BDB4-845983303F5A}.Debug|x86.Build.0 = Debug|Win32
		{9FB6A690-9504-4FC6-BDB4-845983303F5A}.Release|x64.ActiveCfg = Release|x64
		{9FB6A690-9504-4FC6-BDB4-845983303F5A}.Release|x64.Build.0 = Release|x64
		{9FB6A690-9504-4FC6-BDB4-845983303F5A}.Release|x86.ActiveCfg = Release|Win32
		{9FB6A690-9504-4FC6-BDB4-845983303F5A}.Release|x86.Build.0 = Release|Win32
		{D0D1583B-21E3-4F26-8357-BD4B32BB2B18}.Debug|x64.ActiveCfg = Debug|x64
		{D0D1583B-21E3-4F26-8357-BD4B32BB2B18}.Debug|x64.Build.0 = Debug|x64
		{D0D1583B-21E3-4F26-8357-BD4B32BB2B18}.Debug|x86.ActiveCfg = Debug|Win32
		{D0D1583B-21E3-4F26-8357-BD4B32BB2B18}.Debug|x86.Build.0 = Debug|Win32
		{D0D1583B-21E3-4F26-8357-BD4B32BB2B18}.Release|x64.ActiveCfg = Release|x64
		{D0D1583B-21E3-4F26-8357-BD4B32BB2B18}.Release|x64.Build.0 = Release|x64
		{D0D1583B-21E3-4F26-8357-BD4B32BB2B18}.Release|x86.ActiveCfg = Release|Win32
		{D0D1583B-21E3-4F26-8357-BD4B32BB2B18}.Release|x86.Build.0 = Release|Win32
		{6B69D126-B96F-4054-9A02-FBAFB0A0B5BA}.Debug|x64.ActiveCfg = Debug|x64
		{6B69D126-B96F-4054-9A02-FBAFB0A0B5BA}.Debug|x64.Build.0 = Debug|x64
		{6B69D126-B96F-4054-9A02-FBAFB0A0B5BA}.Debug|x86.ActiveCfg = Debug|Win32
		{6B69D126-B96F-4054-9A02-FBAFB0A0B5BA}.Debug|x86.Build.0 = Debug|Win32
		{6B69D126-B96F-4054-9A02-FBAFB0A0B5BA}.Release|x64.ActiveCfg = Release|x64
		{6B69D126-B96F-4054-9A02-FBAFB0A0B5BA}.Release|x64.Build.0 = Release|x64
		{6B69D126-B96F-4054-9A02-FBAFB0A0B5BA}.Release|x86.ActiveCfg = Release|Win32
		{6B69D126-B96F-4054-9A02-FBAFB0A0B5BA}.Release|x86.Build.0 = Release|Win32
	EndGlobalSection
	GlobalSection(SolutionProperties) = preSolution
		HideSolutionNode = FALSE
	EndGlobalSection
EndGlobal
